
Microsoft Visual Studio Solution File, Format Version 12.00
# Visual Studio 14
VisualStudioVersion = 14.0.23107.0
MinimumVisualStudioVersion = 10.0.40219.1
Project("{FAE04EC0-301F-11D3-BF4B-00C04F79EFBC}") = "MyApp", "MyApp\MyApp.csproj", "{0F1597FA-BFE2-4C65-A5F6-86544E121DA5}"
EndProject
Project("{2150E333-8FDC-42A3-9474-1A3956D46DE8}") = "Solution Items", "Solution Items", "{BAAEA281-9045-4811-9DF0-01F1B169524E}"
	ProjectSection(SolutionItems) = preProject
		.cfignore = .cfignore
		.travis.yml = .travis.yml
		manifest.yml = manifest.yml
	EndProjectSection
EndProject
Global
	GlobalSection(SolutionConfigurationPlatforms) = preSolution
		Debug|Any CPU = Debug|Any CPU
		Release|Any CPU = Release|Any CPU
	EndGlobalSection
	GlobalSection(ProjectConfigurationPlatforms) = postSolution
		{0F1597FA-BFE2-4C65-A5F6-86544E121DA5}.Debug|Any CPU.ActiveCfg = Debug|Any CPU
		{0F1597FA-BFE2-4C65-A5F6-86544E121DA5}.Debug|Any CPU.Build.0 = Debug|Any CPU
		{0F1597FA-BFE2-4C65-A5F6-86544E121DA5}.Release|Any CPU.ActiveCfg = Release|Any CPU
		{0F1597FA-BFE2-4C65-A5F6-86544E121DA5}.Release|Any CPU.Build.0 = Release|Any CPU
	EndGlobalSection
	GlobalSection(SolutionProperties) = preSolution
		HideSolutionNode = FALSE
	EndGlobalSection
EndGlobal
